// !$*UTF8*$!
{
	archiveVersion = 1;
	classes = {
	};
	objectVersion = 55;
	objects = {

/* Begin PBXBuildFile section */
		240BA5AF274AB6C200C29F89 /* AppDelegate.swift in Sources */ = {isa = PBXBuildFile; fileRef = 240BA5AE274AB6C200C29F89 /* AppDelegate.swift */; };
		240BA5B1274AB6C200C29F89 /* SceneDelegate.swift in Sources */ = {isa = PBXBuildFile; fileRef = 240BA5B0274AB6C200C29F89 /* SceneDelegate.swift */; };
		240BA5B8274AB6C400C29F89 /* Assets.xcassets in Resources */ = {isa = PBXBuildFile; fileRef = 240BA5B7274AB6C400C29F89 /* Assets.xcassets */; };
		240BA5BB274AB6C400C29F89 /* LaunchScreen.storyboard in Resources */ = {isa = PBXBuildFile; fileRef = 240BA5B9274AB6C400C29F89 /* LaunchScreen.storyboard */; };
		240BA5C6274AB6C400C29F89 /* SocialMediaTests.swift in Sources */ = {isa = PBXBuildFile; fileRef = 240BA5C5274AB6C400C29F89 /* SocialMediaTests.swift */; };
		240BA5D0274AB6C400C29F89 /* SocialMediaUITests.swift in Sources */ = {isa = PBXBuildFile; fileRef = 240BA5CF274AB6C400C29F89 /* SocialMediaUITests.swift */; };
		240BA5D2274AB6C400C29F89 /* SocialMediaUITestsLaunchTests.swift in Sources */ = {isa = PBXBuildFile; fileRef = 240BA5D1274AB6C400C29F89 /* SocialMediaUITestsLaunchTests.swift */; };
		240BA5EB274AB85200C29F89 /* PostListPresenter.swift in Sources */ = {isa = PBXBuildFile; fileRef = 240BA5E5274AB85200C29F89 /* PostListPresenter.swift */; };
		240BA5ED274AB85200C29F89 /* PostListRouter.swift in Sources */ = {isa = PBXBuildFile; fileRef = 240BA5E7274AB85200C29F89 /* PostListRouter.swift */; };
		240BA5EE274AB85200C29F89 /* PostListModels.swift in Sources */ = {isa = PBXBuildFile; fileRef = 240BA5E8274AB85200C29F89 /* PostListModels.swift */; };
		240BA5EF274AB85200C29F89 /* PostListViewController.swift in Sources */ = {isa = PBXBuildFile; fileRef = 240BA5E9274AB85200C29F89 /* PostListViewController.swift */; };
		240BA5F0274AB85200C29F89 /* PostListInteractor.swift in Sources */ = {isa = PBXBuildFile; fileRef = 240BA5EA274AB85200C29F89 /* PostListInteractor.swift */; };
		240BA5F8274AB86C00C29F89 /* PostDetailPresenter.swift in Sources */ = {isa = PBXBuildFile; fileRef = 240BA5F2274AB86C00C29F89 /* PostDetailPresenter.swift */; };
		240BA5FA274AB86C00C29F89 /* PostDetailRouter.swift in Sources */ = {isa = PBXBuildFile; fileRef = 240BA5F4274AB86C00C29F89 /* PostDetailRouter.swift */; };
		240BA5FB274AB86C00C29F89 /* PostDetailModels.swift in Sources */ = {isa = PBXBuildFile; fileRef = 240BA5F5274AB86C00C29F89 /* PostDetailModels.swift */; };
		240BA5FC274AB86C00C29F89 /* PostDetailViewController.swift in Sources */ = {isa = PBXBuildFile; fileRef = 240BA5F6274AB86C00C29F89 /* PostDetailViewController.swift */; };
		240BA5FD274AB86C00C29F89 /* PostDetailInteractor.swift in Sources */ = {isa = PBXBuildFile; fileRef = 240BA5F7274AB86C00C29F89 /* PostDetailInteractor.swift */; };
		240BA5FF274AB89800C29F89 /* PostList.storyboard in Resources */ = {isa = PBXBuildFile; fileRef = 240BA5FE274AB89800C29F89 /* PostList.storyboard */; };
		240BA601274AB8AB00C29F89 /* PostDetail.storyboard in Resources */ = {isa = PBXBuildFile; fileRef = 240BA600274AB8AB00C29F89 /* PostDetail.storyboard */; };
		240BA60C274ADAB700C29F89 /* SimpleItemViewModel.swift in Sources */ = {isa = PBXBuildFile; fileRef = 240BA60B274ADAB700C29F89 /* SimpleItemViewModel.swift */; };
		240BA651274AF42E00C29F89 /* SimpleItemViewCell.swift in Sources */ = {isa = PBXBuildFile; fileRef = 240BA650274AF42E00C29F89 /* SimpleItemViewCell.swift */; };
		240BA653274AF43C00C29F89 /* SimpleItemViewCell.xib in Resources */ = {isa = PBXBuildFile; fileRef = 240BA652274AF43C00C29F89 /* SimpleItemViewCell.xib */; };
		240BA655274C1D7A00C29F89 /* NetworkManager.swift in Sources */ = {isa = PBXBuildFile; fileRef = 240BA654274C1D7A00C29F89 /* NetworkManager.swift */; };
		247607D6275806E800FFF0EC /* LoadingViewController.swift in Sources */ = {isa = PBXBuildFile; fileRef = 247607D5275806E800FFF0EC /* LoadingViewController.swift */; };
		247607DE275A196D00FFF0EC /* AlertUtils.swift in Sources */ = {isa = PBXBuildFile; fileRef = 247607DD275A196D00FFF0EC /* AlertUtils.swift */; };
		24D3E0DF274EAEAA00DE996B /* SingleImageViewCell.swift in Sources */ = {isa = PBXBuildFile; fileRef = 24D3E0DD274EAEAA00DE996B /* SingleImageViewCell.swift */; };
		24D3E0E0274EAEAA00DE996B /* SingleImageViewCell.xib in Resources */ = {isa = PBXBuildFile; fileRef = 24D3E0DE274EAEAA00DE996B /* SingleImageViewCell.xib */; };
		24D3E0E2274EAED000DE996B /* SingleImageViewModel.swift in Sources */ = {isa = PBXBuildFile; fileRef = 24D3E0E1274EAED000DE996B /* SingleImageViewModel.swift */; };
		24D3E0E527569F9F00DE996B /* NetworkMonitor.swift in Sources */ = {isa = PBXBuildFile; fileRef = 24D3E0E427569F9F00DE996B /* NetworkMonitor.swift */; };
		24D3E0EE2756E58300DE996B /* Storage.swift in Sources */ = {isa = PBXBuildFile; fileRef = 24D3E0ED2756E58300DE996B /* Storage.swift */; };
/* End PBXBuildFile section */

/* Begin PBXContainerItemProxy section */
		240BA5C2274AB6C400C29F89 /* PBXContainerItemProxy */ = {
			isa = PBXContainerItemProxy;
			containerPortal = 240BA5A3274AB6C200C29F89 /* Project object */;
			proxyType = 1;
			remoteGlobalIDString = 240BA5AA274AB6C200C29F89;
			remoteInfo = SocialMedia;
		};
		240BA5CC274AB6C400C29F89 /* PBXContainerItemProxy */ = {
			isa = PBXContainerItemProxy;
			containerPortal = 240BA5A3274AB6C200C29F89 /* Project object */;
			proxyType = 1;
			remoteGlobalIDString = 240BA5AA274AB6C200C29F89;
			remoteInfo = SocialMedia;
		};
/* End PBXContainerItemProxy section */

/* Begin PBXFileReference section */
		240BA5AB274AB6C200C29F89 /* SocialMedia.app */ = {isa = PBXFileReference; explicitFileType = wrapper.application; includeInIndex = 0; path = SocialMedia.app; sourceTree = BUILT_PRODUCTS_DIR; };
		240BA5AE274AB6C200C29F89 /* AppDelegate.swift */ = {isa = PBXFileReference; lastKnownFileType = sourcecode.swift; path = AppDelegate.swift; sourceTree = "<group>"; };
		240BA5B0274AB6C200C29F89 /* SceneDelegate.swift */ = {isa = PBXFileReference; lastKnownFileType = sourcecode.swift; path = SceneDelegate.swift; sourceTree = "<group>"; };
		240BA5B7274AB6C400C29F89 /* Assets.xcassets */ = {isa = PBXFileReference; lastKnownFileType = folder.assetcatalog; path = Assets.xcassets; sourceTree = "<group>"; };
		240BA5BA274AB6C400C29F89 /* Base */ = {isa = PBXFileReference; lastKnownFileType = file.storyboard; name = Base; path = Base.lproj/LaunchScreen.storyboard; sourceTree = "<group>"; };
		240BA5C1274AB6C400C29F89 /* SocialMediaTests.xctest */ = {isa = PBXFileReference; explicitFileType = wrapper.cfbundle; includeInIndex = 0; path = SocialMediaTests.xctest; sourceTree = BUILT_PRODUCTS_DIR; };
		240BA5C5274AB6C400C29F89 /* SocialMediaTests.swift */ = {isa = PBXFileReference; lastKnownFileType = sourcecode.swift; path = SocialMediaTests.swift; sourceTree = "<group>"; };
		240BA5CB274AB6C400C29F89 /* SocialMediaUITests.xctest */ = {isa = PBXFileReference; explicitFileType = wrapper.cfbundle; includeInIndex = 0; path = SocialMediaUITests.xctest; sourceTree = BUILT_PRODUCTS_DIR; };
		240BA5CF274AB6C400C29F89 /* SocialMediaUITests.swift */ = {isa = PBXFileReference; lastKnownFileType = sourcecode.swift; path = SocialMediaUITests.swift; sourceTree = "<group>"; };
		240BA5D1274AB6C400C29F89 /* SocialMediaUITestsLaunchTests.swift */ = {isa = PBXFileReference; lastKnownFileType = sourcecode.swift; path = SocialMediaUITestsLaunchTests.swift; sourceTree = "<group>"; };
		240BA5E5274AB85200C29F89 /* PostListPresenter.swift */ = {isa = PBXFileReference; lastKnownFileType = sourcecode.swift; path = PostListPresenter.swift; sourceTree = "<group>"; };
		240BA5E7274AB85200C29F89 /* PostListRouter.swift */ = {isa = PBXFileReference; lastKnownFileType = sourcecode.swift; path = PostListRouter.swift; sourceTree = "<group>"; };
		240BA5E8274AB85200C29F89 /* PostListModels.swift */ = {isa = PBXFileReference; lastKnownFileType = sourcecode.swift; path = PostListModels.swift; sourceTree = "<group>"; };
		240BA5E9274AB85200C29F89 /* PostListViewController.swift */ = {isa = PBXFileReference; lastKnownFileType = sourcecode.swift; path = PostListViewController.swift; sourceTree = "<group>"; };
		240BA5EA274AB85200C29F89 /* PostListInteractor.swift */ = {isa = PBXFileReference; lastKnownFileType = sourcecode.swift; path = PostListInteractor.swift; sourceTree = "<group>"; };
		240BA5F2274AB86C00C29F89 /* PostDetailPresenter.swift */ = {isa = PBXFileReference; lastKnownFileType = sourcecode.swift; path = PostDetailPresenter.swift; sourceTree = "<group>"; };
		240BA5F4274AB86C00C29F89 /* PostDetailRouter.swift */ = {isa = PBXFileReference; lastKnownFileType = sourcecode.swift; path = PostDetailRouter.swift; sourceTree = "<group>"; };
		240BA5F5274AB86C00C29F89 /* PostDetailModels.swift */ = {isa = PBXFileReference; lastKnownFileType = sourcecode.swift; path = PostDetailModels.swift; sourceTree = "<group>"; };
		240BA5F6274AB86C00C29F89 /* PostDetailViewController.swift */ = {isa = PBXFileReference; lastKnownFileType = sourcecode.swift; path = PostDetailViewController.swift; sourceTree = "<group>"; };
		240BA5F7274AB86C00C29F89 /* PostDetailInteractor.swift */ = {isa = PBXFileReference; lastKnownFileType = sourcecode.swift; path = PostDetailInteractor.swift; sourceTree = "<group>"; };
		240BA5FE274AB89800C29F89 /* PostList.storyboard */ = {isa = PBXFileReference; lastKnownFileType = file.storyboard; path = PostList.storyboard; sourceTree = "<group>"; };
		240BA600274AB8AB00C29F89 /* PostDetail.storyboard */ = {isa = PBXFileReference; lastKnownFileType = file.storyboard; path = PostDetail.storyboard; sourceTree = "<group>"; };
		240BA60B274ADAB700C29F89 /* SimpleItemViewModel.swift */ = {isa = PBXFileReference; lastKnownFileType = sourcecode.swift; path = SimpleItemViewModel.swift; sourceTree = "<group>"; };
		240BA60E274AEB4B00C29F89 /* Info.plist */ = {isa = PBXFileReference; fileEncoding = 4; lastKnownFileType = text.plist.xml; path = Info.plist; sourceTree = "<group>"; };
		240BA650274AF42E00C29F89 /* SimpleItemViewCell.swift */ = {isa = PBXFileReference; lastKnownFileType = sourcecode.swift; path = SimpleItemViewCell.swift; sourceTree = "<group>"; };
		240BA652274AF43C00C29F89 /* SimpleItemViewCell.xib */ = {isa = PBXFileReference; lastKnownFileType = file.xib; path = SimpleItemViewCell.xib; sourceTree = "<group>"; };
		240BA654274C1D7A00C29F89 /* NetworkManager.swift */ = {isa = PBXFileReference; lastKnownFileType = sourcecode.swift; path = NetworkManager.swift; sourceTree = "<group>"; };
		247607D5275806E800FFF0EC /* LoadingViewController.swift */ = {isa = PBXFileReference; lastKnownFileType = sourcecode.swift; path = LoadingViewController.swift; sourceTree = "<group>"; };
		247607DD275A196D00FFF0EC /* AlertUtils.swift */ = {isa = PBXFileReference; lastKnownFileType = sourcecode.swift; path = AlertUtils.swift; sourceTree = "<group>"; };
		24D3E0DD274EAEAA00DE996B /* SingleImageViewCell.swift */ = {isa = PBXFileReference; fileEncoding = 4; lastKnownFileType = sourcecode.swift; path = SingleImageViewCell.swift; sourceTree = "<group>"; };
		24D3E0DE274EAEAA00DE996B /* SingleImageViewCell.xib */ = {isa = PBXFileReference; fileEncoding = 4; lastKnownFileType = file.xib; path = SingleImageViewCell.xib; sourceTree = "<group>"; };
		24D3E0E1274EAED000DE996B /* SingleImageViewModel.swift */ = {isa = PBXFileReference; fileEncoding = 4; lastKnownFileType = sourcecode.swift; path = SingleImageViewModel.swift; sourceTree = "<group>"; };
		24D3E0E427569F9F00DE996B /* NetworkMonitor.swift */ = {isa = PBXFileReference; lastKnownFileType = sourcecode.swift; path = NetworkMonitor.swift; sourceTree = "<group>"; };
		24D3E0ED2756E58300DE996B /* Storage.swift */ = {isa = PBXFileReference; lastKnownFileType = sourcecode.swift; path = Storage.swift; sourceTree = "<group>"; };
/* End PBXFileReference section */

/* Begin PBXFrameworksBuildPhase section */
		240BA5A8274AB6C200C29F89 /* Frameworks */ = {
			isa = PBXFrameworksBuildPhase;
			buildActionMask = 2147483647;
			files = (
			);
			runOnlyForDeploymentPostprocessing = 0;
		};
		240BA5BE274AB6C400C29F89 /* Frameworks */ = {
			isa = PBXFrameworksBuildPhase;
			buildActionMask = 2147483647;
			files = (
			);
			runOnlyForDeploymentPostprocessing = 0;
		};
		240BA5C8274AB6C400C29F89 /* Frameworks */ = {
			isa = PBXFrameworksBuildPhase;
			buildActionMask = 2147483647;
			files = (
			);
			runOnlyForDeploymentPostprocessing = 0;
		};
/* End PBXFrameworksBuildPhase section */

/* Begin PBXGroup section */
		240BA5A2274AB6C200C29F89 = {
			isa = PBXGroup;
			children = (
				240BA5AD274AB6C200C29F89 /* SocialMedia */,
				240BA5C4274AB6C400C29F89 /* SocialMediaTests */,
				240BA5CE274AB6C400C29F89 /* SocialMediaUITests */,
				240BA5AC274AB6C200C29F89 /* Products */,
			);
			sourceTree = "<group>";
		};
		240BA5AC274AB6C200C29F89 /* Products */ = {
			isa = PBXGroup;
			children = (
				240BA5AB274AB6C200C29F89 /* SocialMedia.app */,
				240BA5C1274AB6C400C29F89 /* SocialMediaTests.xctest */,
				240BA5CB274AB6C400C29F89 /* SocialMediaUITests.xctest */,
			);
			name = Products;
			sourceTree = "<group>";
		};
		240BA5AD274AB6C200C29F89 /* SocialMedia */ = {
			isa = PBXGroup;
			children = (
				240BA64E274AF20D00C29F89 /* Application */,
				240BA5DF274AB75D00C29F89 /* Business */,
				240BA660274D5F5B00C29F89 /* Views */,
				240BA5E3274AB7E100C29F89 /* ViewControllers */,
				240BA5E0274AB76D00C29F89 /* Storyboards */,
				240BA5E1274AB79700C29F89 /* Network */,
				240BA5E2274AB7A500C29F89 /* Resources */,
				24D3E0EA2756C06F00DE996B /* Utilities */,
				240BA5B9274AB6C400C29F89 /* LaunchScreen.storyboard */,
			);
			path = SocialMedia;
			sourceTree = "<group>";
		};
		240BA5C4274AB6C400C29F89 /* SocialMediaTests */ = {
			isa = PBXGroup;
			children = (
				240BA5C5274AB6C400C29F89 /* SocialMediaTests.swift */,
			);
			path = SocialMediaTests;
			sourceTree = "<group>";
		};
		240BA5CE274AB6C400C29F89 /* SocialMediaUITests */ = {
			isa = PBXGroup;
			children = (
				240BA5CF274AB6C400C29F89 /* SocialMediaUITests.swift */,
				240BA5D1274AB6C400C29F89 /* SocialMediaUITestsLaunchTests.swift */,
			);
			path = SocialMediaUITests;
			sourceTree = "<group>";
		};
		240BA5DF274AB75D00C29F89 /* Business */ = {
			isa = PBXGroup;
			children = (
				240BA656274D5BB500C29F89 /* SingleImageViewCell */,
				240BA602274AD0E500C29F89 /* SimpleItemViewCell */,
			);
			path = Business;
			sourceTree = "<group>";
		};
		240BA5E0274AB76D00C29F89 /* Storyboards */ = {
			isa = PBXGroup;
			children = (
				240BA5FE274AB89800C29F89 /* PostList.storyboard */,
				240BA600274AB8AB00C29F89 /* PostDetail.storyboard */,
			);
			path = Storyboards;
			sourceTree = "<group>";
		};
		240BA5E1274AB79700C29F89 /* Network */ = {
			isa = PBXGroup;
			children = (
				247607D22757B27300FFF0EC /* CacheManager */,
				240BA654274C1D7A00C29F89 /* NetworkManager.swift */,
				24D3E0E427569F9F00DE996B /* NetworkMonitor.swift */,
			);
			path = Network;
			sourceTree = "<group>";
		};
		240BA5E2274AB7A500C29F89 /* Resources */ = {
			isa = PBXGroup;
			children = (
				240BA5B7274AB6C400C29F89 /* Assets.xcassets */,
			);
			path = Resources;
			sourceTree = "<group>";
		};
		240BA5E3274AB7E100C29F89 /* ViewControllers */ = {
			isa = PBXGroup;
			children = (
				247607D5275806E800FFF0EC /* LoadingViewController.swift */,
				240BA5E4274AB83700C29F89 /* PostList */,
				240BA5F1274AB85700C29F89 /* PostDetail */,
			);
			path = ViewControllers;
			sourceTree = "<group>";
		};
		240BA5E4274AB83700C29F89 /* PostList */ = {
			isa = PBXGroup;
			children = (
				240BA5E5274AB85200C29F89 /* PostListPresenter.swift */,
				240BA5E7274AB85200C29F89 /* PostListRouter.swift */,
				240BA5E8274AB85200C29F89 /* PostListModels.swift */,
				240BA5E9274AB85200C29F89 /* PostListViewController.swift */,
				240BA5EA274AB85200C29F89 /* PostListInteractor.swift */,
			);
			path = PostList;
			sourceTree = "<group>";
		};
		240BA5F1274AB85700C29F89 /* PostDetail */ = {
			isa = PBXGroup;
			children = (
				240BA5F2274AB86C00C29F89 /* PostDetailPresenter.swift */,
				240BA5F4274AB86C00C29F89 /* PostDetailRouter.swift */,
				240BA5F5274AB86C00C29F89 /* PostDetailModels.swift */,
				240BA5F6274AB86C00C29F89 /* PostDetailViewController.swift */,
				240BA5F7274AB86C00C29F89 /* PostDetailInteractor.swift */,
			);
			path = PostDetail;
			sourceTree = "<group>";
		};
		240BA602274AD0E500C29F89 /* SimpleItemViewCell */ = {
			isa = PBXGroup;
			children = (
				240BA650274AF42E00C29F89 /* SimpleItemViewCell.swift */,
				240BA652274AF43C00C29F89 /* SimpleItemViewCell.xib */,
				240BA60B274ADAB700C29F89 /* SimpleItemViewModel.swift */,
			);
			path = SimpleItemViewCell;
			sourceTree = "<group>";
		};
		240BA64E274AF20D00C29F89 /* Application */ = {
			isa = PBXGroup;
			children = (
				240BA5B0274AB6C200C29F89 /* SceneDelegate.swift */,
				240BA5AE274AB6C200C29F89 /* AppDelegate.swift */,
				240BA60E274AEB4B00C29F89 /* Info.plist */,
			);
			name = Application;
			sourceTree = "<group>";
		};
		240BA656274D5BB500C29F89 /* SingleImageViewCell */ = {
			isa = PBXGroup;
			children = (
				24D3E0E1274EAED000DE996B /* SingleImageViewModel.swift */,
				24D3E0DD274EAEAA00DE996B /* SingleImageViewCell.swift */,
				24D3E0DE274EAEAA00DE996B /* SingleImageViewCell.xib */,
			);
			path = SingleImageViewCell;
			sourceTree = "<group>";
		};
		240BA660274D5F5B00C29F89 /* Views */ = {
			isa = PBXGroup;
			children = (
			);
			path = Views;
			sourceTree = "<group>";
		};
		247607D22757B27300FFF0EC /* CacheManager */ = {
			isa = PBXGroup;
			children = (
				24D3E0ED2756E58300DE996B /* Storage.swift */,
			);
			path = CacheManager;
			sourceTree = "<group>";
		};
		24D3E0EA2756C06F00DE996B /* Utilities */ = {
			isa = PBXGroup;
			children = (
				247607DD275A196D00FFF0EC /* AlertUtils.swift */,
			);
			path = Utilities;
			sourceTree = "<group>";
		};
/* End PBXGroup section */

/* Begin PBXNativeTarget section */
		240BA5AA274AB6C200C29F89 /* SocialMedia */ = {
			isa = PBXNativeTarget;
			buildConfigurationList = 240BA5D5274AB6C400C29F89 /* Build configuration list for PBXNativeTarget "SocialMedia" */;
			buildPhases = (
				240BA5A7274AB6C200C29F89 /* Sources */,
				240BA5A8274AB6C200C29F89 /* Frameworks */,
				240BA5A9274AB6C200C29F89 /* Resources */,
			);
			buildRules = (
			);
			dependencies = (
			);
			name = SocialMedia;
			productName = SocialMedia;
			productReference = 240BA5AB274AB6C200C29F89 /* SocialMedia.app */;
			productType = "com.apple.product-type.application";
		};
		240BA5C0274AB6C400C29F89 /* SocialMediaTests */ = {
			isa = PBXNativeTarget;
			buildConfigurationList = 240BA5D8274AB6C400C29F89 /* Build configuration list for PBXNativeTarget "SocialMediaTests" */;
			buildPhases = (
				240BA5BD274AB6C400C29F89 /* Sources */,
				240BA5BE274AB6C400C29F89 /* Frameworks */,
				240BA5BF274AB6C400C29F89 /* Resources */,
			);
			buildRules = (
			);
			dependencies = (
				240BA5C3274AB6C400C29F89 /* PBXTargetDependency */,
			);
			name = SocialMediaTests;
			productName = SocialMediaTests;
			productReference = 240BA5C1274AB6C400C29F89 /* SocialMediaTests.xctest */;
			productType = "com.apple.product-type.bundle.unit-test";
		};
		240BA5CA274AB6C400C29F89 /* SocialMediaUITests */ = {
			isa = PBXNativeTarget;
			buildConfigurationList = 240BA5DB274AB6C400C29F89 /* Build configuration list for PBXNativeTarget "SocialMediaUITests" */;
			buildPhases = (
				240BA5C7274AB6C400C29F89 /* Sources */,
				240BA5C8274AB6C400C29F89 /* Frameworks */,
				240BA5C9274AB6C400C29F89 /* Resources */,
			);
			buildRules = (
			);
			dependencies = (
				240BA5CD274AB6C400C29F89 /* PBXTargetDependency */,
			);
			name = SocialMediaUITests;
			productName = SocialMediaUITests;
			productReference = 240BA5CB274AB6C400C29F89 /* SocialMediaUITests.xctest */;
			productType = "com.apple.product-type.bundle.ui-testing";
		};
/* End PBXNativeTarget section */

/* Begin PBXProject section */
		240BA5A3274AB6C200C29F89 /* Project object */ = {
			isa = PBXProject;
			attributes = {
				BuildIndependentTargetsInParallel = 1;
				LastSwiftUpdateCheck = 1310;
				LastUpgradeCheck = 1310;
				TargetAttributes = {
					240BA5AA274AB6C200C29F89 = {
						CreatedOnToolsVersion = 13.1;
					};
					240BA5C0274AB6C400C29F89 = {
						CreatedOnToolsVersion = 13.1;
						TestTargetID = 240BA5AA274AB6C200C29F89;
					};
					240BA5CA274AB6C400C29F89 = {
						CreatedOnToolsVersion = 13.1;
						TestTargetID = 240BA5AA274AB6C200C29F89;
					};
				};
			};
			buildConfigurationList = 240BA5A6274AB6C200C29F89 /* Build configuration list for PBXProject "SocialMedia" */;
			compatibilityVersion = "Xcode 13.0";
			developmentRegion = en;
			hasScannedForEncodings = 0;
			knownRegions = (
				en,
				Base,
			);
			mainGroup = 240BA5A2274AB6C200C29F89;
			productRefGroup = 240BA5AC274AB6C200C29F89 /* Products */;
			projectDirPath = "";
			projectRoot = "";
			targets = (
				240BA5AA274AB6C200C29F89 /* SocialMedia */,
				240BA5C0274AB6C400C29F89 /* SocialMediaTests */,
				240BA5CA274AB6C400C29F89 /* SocialMediaUITests */,
			);
		};
/* End PBXProject section */

/* Begin PBXResourcesBuildPhase section */
		240BA5A9274AB6C200C29F89 /* Resources */ = {
			isa = PBXResourcesBuildPhase;
			buildActionMask = 2147483647;
			files = (
				24D3E0E0274EAEAA00DE996B /* SingleImageViewCell.xib in Resources */,
				240BA5FF274AB89800C29F89 /* PostList.storyboard in Resources */,
				240BA5BB274AB6C400C29F89 /* LaunchScreen.storyboard in Resources */,
				240BA5B8274AB6C400C29F89 /* Assets.xcassets in Resources */,
				240BA601274AB8AB00C29F89 /* PostDetail.storyboard in Resources */,
				240BA653274AF43C00C29F89 /* SimpleItemViewCell.xib in Resources */,
			);
			runOnlyForDeploymentPostprocessing = 0;
		};
		240BA5BF274AB6C400C29F89 /* Resources */ = {
			isa = PBXResourcesBuildPhase;
			buildActionMask = 2147483647;
			files = (
			);
			runOnlyForDeploymentPostprocessing = 0;
		};
		240BA5C9274AB6C400C29F89 /* Resources */ = {
			isa = PBXResourcesBuildPhase;
			buildActionMask = 2147483647;
			files = (
			);
			runOnlyForDeploymentPostprocessing = 0;
		};
/* End PBXResourcesBuildPhase section */

/* Begin PBXSourcesBuildPhase section */
		240BA5A7274AB6C200C29F89 /* Sources */ = {
			isa = PBXSourcesBuildPhase;
			buildActionMask = 2147483647;
			files = (
				240BA655274C1D7A00C29F89 /* NetworkManager.swift in Sources */,
				240BA5EF274AB85200C29F89 /* PostListViewController.swift in Sources */,
				247607D6275806E800FFF0EC /* LoadingViewController.swift in Sources */,
				240BA5FC274AB86C00C29F89 /* PostDetailViewController.swift in Sources */,
				240BA5FD274AB86C00C29F89 /* PostDetailInteractor.swift in Sources */,
				24D3E0E2274EAED000DE996B /* SingleImageViewModel.swift in Sources */,
				240BA5EB274AB85200C29F89 /* PostListPresenter.swift in Sources */,
				240BA5AF274AB6C200C29F89 /* AppDelegate.swift in Sources */,
				24D3E0DF274EAEAA00DE996B /* SingleImageViewCell.swift in Sources */,
				24D3E0EE2756E58300DE996B /* Storage.swift in Sources */,
				240BA5B1274AB6C200C29F89 /* SceneDelegate.swift in Sources */,
				240BA5ED274AB85200C29F89 /* PostListRouter.swift in Sources */,
				240BA5F0274AB85200C29F89 /* PostListInteractor.swift in Sources */,
				240BA5F8274AB86C00C29F89 /* PostDetailPresenter.swift in Sources */,
				240BA5FB274AB86C00C29F89 /* PostDetailModels.swift in Sources */,
				240BA651274AF42E00C29F89 /* SimpleItemViewCell.swift in Sources */,
				240BA60C274ADAB700C29F89 /* SimpleItemViewModel.swift in Sources */,
				247607DE275A196D00FFF0EC /* AlertUtils.swift in Sources */,
				240BA5EE274AB85200C29F89 /* PostListModels.swift in Sources */,
				240BA5FA274AB86C00C29F89 /* PostDetailRouter.swift in Sources */,
				24D3E0E527569F9F00DE996B /* NetworkMonitor.swift in Sources */,
			);
			runOnlyForDeploymentPostprocessing = 0;
		};
		240BA5BD274AB6C400C29F89 /* Sources */ = {
			isa = PBXSourcesBuildPhase;
			buildActionMask = 2147483647;
			files = (
				240BA5C6274AB6C400C29F89 /* SocialMediaTests.swift in Sources */,
			);
			runOnlyForDeploymentPostprocessing = 0;
		};
		240BA5C7274AB6C400C29F89 /* Sources */ = {
			isa = PBXSourcesBuildPhase;
			buildActionMask = 2147483647;
			files = (
				240BA5D2274AB6C400C29F89 /* SocialMediaUITestsLaunchTests.swift in Sources */,
				240BA5D0274AB6C400C29F89 /* SocialMediaUITests.swift in Sources */,
			);
			runOnlyForDeploymentPostprocessing = 0;
		};
/* End PBXSourcesBuildPhase section */

/* Begin PBXTargetDependency section */
		240BA5C3274AB6C400C29F89 /* PBXTargetDependency */ = {
			isa = PBXTargetDependency;
			target = 240BA5AA274AB6C200C29F89 /* SocialMedia */;
			targetProxy = 240BA5C2274AB6C400C29F89 /* PBXContainerItemProxy */;
		};
		240BA5CD274AB6C400C29F89 /* PBXTargetDependency */ = {
			isa = PBXTargetDependency;
			target = 240BA5AA274AB6C200C29F89 /* SocialMedia */;
			targetProxy = 240BA5CC274AB6C400C29F89 /* PBXContainerItemProxy */;
		};
/* End PBXTargetDependency section */

/* Begin PBXVariantGroup section */
		240BA5B9274AB6C400C29F89 /* LaunchScreen.storyboard */ = {
			isa = PBXVariantGroup;
			children = (
				240BA5BA274AB6C400C29F89 /* Base */,
			);
			name = LaunchScreen.storyboard;
			sourceTree = "<group>";
		};
/* End PBXVariantGroup section */

/* Begin XCBuildConfiguration section */
		240BA5D3274AB6C400C29F89 /* Debug */ = {
			isa = XCBuildConfiguration;
			buildSettings = {
				ALWAYS_SEARCH_USER_PATHS = NO;
				CLANG_ANALYZER_NONNULL = YES;
				CLANG_ANALYZER_NUMBER_OBJECT_CONVERSION = YES_AGGRESSIVE;
				CLANG_CXX_LANGUAGE_STANDARD = "gnu++17";
				CLANG_CXX_LIBRARY = "libc++";
				CLANG_ENABLE_MODULES = YES;
				CLANG_ENABLE_OBJC_ARC = YES;
				CLANG_ENABLE_OBJC_WEAK = YES;
				CLANG_WARN_BLOCK_CAPTURE_AUTORELEASING = YES;
				CLANG_WARN_BOOL_CONVERSION = YES;
				CLANG_WARN_COMMA = YES;
				CLANG_WARN_CONSTANT_CONVERSION = YES;
				CLANG_WARN_DEPRECATED_OBJC_IMPLEMENTATIONS = YES;
				CLANG_WARN_DIRECT_OBJC_ISA_USAGE = YES_ERROR;
				CLANG_WARN_DOCUMENTATION_COMMENTS = YES;
				CLANG_WARN_EMPTY_BODY = YES;
				CLANG_WARN_ENUM_CONVERSION = YES;
				CLANG_WARN_INFINITE_RECURSION = YES;
				CLANG_WARN_INT_CONVERSION = YES;
				CLANG_WARN_NON_LITERAL_NULL_CONVERSION = YES;
				CLANG_WARN_OBJC_IMPLICIT_RETAIN_SELF = YES;
				CLANG_WARN_OBJC_LITERAL_CONVERSION = YES;
				CLANG_WARN_OBJC_ROOT_CLASS = YES_ERROR;
				CLANG_WARN_QUOTED_INCLUDE_IN_FRAMEWORK_HEADER = YES;
				CLANG_WARN_RANGE_LOOP_ANALYSIS = YES;
				CLANG_WARN_STRICT_PROTOTYPES = YES;
				CLANG_WARN_SUSPICIOUS_MOVE = YES;
				CLANG_WARN_UNGUARDED_AVAILABILITY = YES_AGGRESSIVE;
				CLANG_WARN_UNREACHABLE_CODE = YES;
				CLANG_WARN__DUPLICATE_METHOD_MATCH = YES;
				COPY_PHASE_STRIP = NO;
				DEBUG_INFORMATION_FORMAT = dwarf;
				ENABLE_STRICT_OBJC_MSGSEND = YES;
				ENABLE_TESTABILITY = YES;
				GCC_C_LANGUAGE_STANDARD = gnu11;
				GCC_DYNAMIC_NO_PIC = NO;
				GCC_NO_COMMON_BLOCKS = YES;
				GCC_OPTIMIZATION_LEVEL = 0;
				GCC_PREPROCESSOR_DEFINITIONS = (
					"DEBUG=1",
					"$(inherited)",
				);
				GCC_WARN_64_TO_32_BIT_CONVERSION = YES;
				GCC_WARN_ABOUT_RETURN_TYPE = YES_ERROR;
				GCC_WARN_UNDECLARED_SELECTOR = YES;
				GCC_WARN_UNINITIALIZED_AUTOS = YES_AGGRESSIVE;
				GCC_WARN_UNUSED_FUNCTION = YES;
				GCC_WARN_UNUSED_VARIABLE = YES;
				IPHONEOS_DEPLOYMENT_TARGET = 13.0;
				MTL_ENABLE_DEBUG_INFO = INCLUDE_SOURCE;
				MTL_FAST_MATH = YES;
				ONLY_ACTIVE_ARCH = YES;
				SDKROOT = iphoneos;
				SWIFT_ACTIVE_COMPILATION_CONDITIONS = DEBUG;
				SWIFT_OPTIMIZATION_LEVEL = "-Onone";
			};
			name = Debug;
		};
		240BA5D4274AB6C400C29F89 /* Release */ = {
			isa = XCBuildConfiguration;
			buildSettings = {
				ALWAYS_SEARCH_USER_PATHS = NO;
				CLANG_ANALYZER_NONNULL = YES;
				CLANG_ANALYZER_NUMBER_OBJECT_CONVERSION = YES_AGGRESSIVE;
				CLANG_CXX_LANGUAGE_STANDARD = "gnu++17";
				CLANG_CXX_LIBRARY = "libc++";
				CLANG_ENABLE_MODULES = YES;
				CLANG_ENABLE_OBJC_ARC = YES;
				CLANG_ENABLE_OBJC_WEAK = YES;
				CLANG_WARN_BLOCK_CAPTURE_AUTORELEASING = YES;
				CLANG_WARN_BOOL_CONVERSION = YES;
				CLANG_WARN_COMMA = YES;
				CLANG_WARN_CONSTANT_CONVERSION = YES;
				CLANG_WARN_DEPRECATED_OBJC_IMPLEMENTATIONS = YES;
				CLANG_WARN_DIRECT_OBJC_ISA_USAGE = YES_ERROR;
				CLANG_WARN_DOCUMENTATION_COMMENTS = YES;
				CLANG_WARN_EMPTY_BODY = YES;
				CLANG_WARN_ENUM_CONVERSION = YES;
				CLANG_WARN_INFINITE_RECURSION = YES;
				CLANG_WARN_INT_CONVERSION = YES;
				CLANG_WARN_NON_LITERAL_NULL_CONVERSION = YES;
				CLANG_WARN_OBJC_IMPLICIT_RETAIN_SELF = YES;
				CLANG_WARN_OBJC_LITERAL_CONVERSION = YES;
				CLANG_WARN_OBJC_ROOT_CLASS = YES_ERROR;
				CLANG_WARN_QUOTED_INCLUDE_IN_FRAMEWORK_HEADER = YES;
				CLANG_WARN_RANGE_LOOP_ANALYSIS = YES;
				CLANG_WARN_STRICT_PROTOTYPES = YES;
				CLANG_WARN_SUSPICIOUS_MOVE = YES;
				CLANG_WARN_UNGUARDED_AVAILABILITY = YES_AGGRESSIVE;
				CLANG_WARN_UNREACHABLE_CODE = YES;
				CLANG_WARN__DUPLICATE_METHOD_MATCH = YES;
				COPY_PHASE_STRIP = NO;
				DEBUG_INFORMATION_FORMAT = "dwarf-with-dsym";
				ENABLE_NS_ASSERTIONS = NO;
				ENABLE_STRICT_OBJC_MSGSEND = YES;
				GCC_C_LANGUAGE_STANDARD = gnu11;
				GCC_NO_COMMON_BLOCKS = YES;
				GCC_WARN_64_TO_32_BIT_CONVERSION = YES;
				GCC_WARN_ABOUT_RETURN_TYPE = YES_ERROR;
				GCC_WARN_UNDECLARED_SELECTOR = YES;
				GCC_WARN_UNINITIALIZED_AUTOS = YES_AGGRESSIVE;
				GCC_WARN_UNUSED_FUNCTION = YES;
				GCC_WARN_UNUSED_VARIABLE = YES;
				IPHONEOS_DEPLOYMENT_TARGET = 13.0;
				MTL_ENABLE_DEBUG_INFO = NO;
				MTL_FAST_MATH = YES;
				SDKROOT = iphoneos;
				SWIFT_COMPILATION_MODE = wholemodule;
				SWIFT_OPTIMIZATION_LEVEL = "-O";
				VALIDATE_PRODUCT = YES;
			};
			name = Release;
		};
		240BA5D6274AB6C400C29F89 /* Debug */ = {
			isa = XCBuildConfiguration;
			buildSettings = {
				ASSETCATALOG_COMPILER_APPICON_NAME = AppIcon;
				ASSETCATALOG_COMPILER_GLOBAL_ACCENT_COLOR_NAME = AccentColor;
				CODE_SIGN_STYLE = Automatic;
				CURRENT_PROJECT_VERSION = 1;
				DEVELOPMENT_TEAM = A6VT5RCHWQ;
				GENERATE_INFOPLIST_FILE = YES;
				INFOPLIST_FILE = SocialMedia/Info.plist;
				INFOPLIST_KEY_UIApplicationSupportsIndirectInputEvents = YES;
				INFOPLIST_KEY_UILaunchStoryboardName = LaunchScreen;
				INFOPLIST_KEY_UIMainStoryboardFile = PostList;
				INFOPLIST_KEY_UISupportedInterfaceOrientations_iPad = "UIInterfaceOrientationPortrait UIInterfaceOrientationPortraitUpsideDown UIInterfaceOrientationLandscapeLeft UIInterfaceOrientationLandscapeRight";
				INFOPLIST_KEY_UISupportedInterfaceOrientations_iPhone = "UIInterfaceOrientationPortrait UIInterfaceOrientationLandscapeLeft UIInterfaceOrientationLandscapeRight";
				IPHONEOS_DEPLOYMENT_TARGET = 13.0;
				LD_RUNPATH_SEARCH_PATHS = (
					"$(inherited)",
					"@executable_path/Frameworks",
				);
				MARKETING_VERSION = 1.0;
				PRODUCT_BUNDLE_IDENTIFIER = yesim.dasdemir.SocialMedia;
				PRODUCT_NAME = "$(TARGET_NAME)";
				SWIFT_EMIT_LOC_STRINGS = YES;
				SWIFT_VERSION = 5.0;
				TARGETED_DEVICE_FAMILY = 1;
			};
			name = Debug;
		};
		240BA5D7274AB6C400C29F89 /* Release */ = {
			isa = XCBuildConfiguration;
			buildSettings = {
				ASSETCATALOG_COMPILER_APPICON_NAME = AppIcon;
				ASSETCATALOG_COMPILER_GLOBAL_ACCENT_COLOR_NAME = AccentColor;
				CODE_SIGN_STYLE = Automatic;
				CURRENT_PROJECT_VERSION = 1;
				DEVELOPMENT_TEAM = A6VT5RCHWQ;
				GENERATE_INFOPLIST_FILE = YES;
				INFOPLIST_FILE = SocialMedia/Info.plist;
				INFOPLIST_KEY_UIApplicationSupportsIndirectInputEvents = YES;
				INFOPLIST_KEY_UILaunchStoryboardName = LaunchScreen;
				INFOPLIST_KEY_UIMainStoryboardFile = PostList;
				INFOPLIST_KEY_UISupportedInterfaceOrientations_iPad = "UIInterfaceOrientationPortrait UIInterfaceOrientationPortraitUpsideDown UIInterfaceOrientationLandscapeLeft UIInterfaceOrientationLandscapeRight";
				INFOPLIST_KEY_UISupportedInterfaceOrientations_iPhone = "UIInterfaceOrientationPortrait UIInterfaceOrientationLandscapeLeft UIInterfaceOrientationLandscapeRight";
				IPHONEOS_DEPLOYMENT_TARGET = 13.0;
				LD_RUNPATH_SEARCH_PATHS = (
					"$(inherited)",
					"@executable_path/Frameworks",
				);
				MARKETING_VERSION = 1.0;
				PRODUCT_BUNDLE_IDENTIFIER = yesim.dasdemir.SocialMedia;
				PRODUCT_NAME = "$(TARGET_NAME)";
				SWIFT_EMIT_LOC_STRINGS = YES;
				SWIFT_VERSION = 5.0;
				TARGETED_DEVICE_FAMILY = 1;
			};
			name = Release;
		};
		240BA5D9274AB6C400C29F89 /* Debug */ = {
			isa = XCBuildConfiguration;
			buildSettings = {
				ALWAYS_EMBED_SWIFT_STANDARD_LIBRARIES = YES;
				BUNDLE_LOADER = "$(TEST_HOST)";
				CODE_SIGN_STYLE = Automatic;
				CURRENT_PROJECT_VERSION = 1;
				GENERATE_INFOPLIST_FILE = YES;
				IPHONEOS_DEPLOYMENT_TARGET = 15.0;
				LD_RUNPATH_SEARCH_PATHS = (
					"$(inherited)",
					"@executable_path/Frameworks",
					"@loader_path/Frameworks",
				);
				MARKETING_VERSION = 1.0;
				PRODUCT_BUNDLE_IDENTIFIER = yesim.dasdemir.SocialMediaTests;
				PRODUCT_NAME = "$(TARGET_NAME)";
				SWIFT_EMIT_LOC_STRINGS = NO;
				SWIFT_VERSION = 5.0;
				TARGETED_DEVICE_FAMILY = "1,2";
				TEST_HOST = "$(BUILT_PRODUCTS_DIR)/SocialMedia.app/SocialMedia";
			};
			name = Debug;
		};
		240BA5DA274AB6C400C29F89 /* Release */ = {
			isa = XCBuildConfiguration;
			buildSettings = {
				ALWAYS_EMBED_SWIFT_STANDARD_LIBRARIES = YES;
				BUNDLE_LOADER = "$(TEST_HOST)";
				CODE_SIGN_STYLE = Automatic;
				CURRENT_PROJECT_VERSION = 1;
				GENERATE_INFOPLIST_FILE = YES;
				IPHONEOS_DEPLOYMENT_TARGET = 15.0;
				LD_RUNPATH_SEARCH_PATHS = (
					"$(inherited)",
					"@executable_path/Frameworks",
					"@loader_path/Frameworks",
				);
				MARKETING_VERSION = 1.0;
				PRODUCT_BUNDLE_IDENTIFIER = yesim.dasdemir.SocialMediaTests;
				PRODUCT_NAME = "$(TARGET_NAME)";
				SWIFT_EMIT_LOC_STRINGS = NO;
				SWIFT_VERSION = 5.0;
				TARGETED_DEVICE_FAMILY = "1,2";
				TEST_HOST = "$(BUILT_PRODUCTS_DIR)/SocialMedia.app/SocialMedia";
			};
			name = Release;
		};
		240BA5DC274AB6C400C29F89 /* Debug */ = {
			isa = XCBuildConfiguration;
			buildSettings = {
				ALWAYS_EMBED_SWIFT_STANDARD_LIBRARIES = YES;
				CODE_SIGN_STYLE = Automatic;
				CURRENT_PROJECT_VERSION = 1;
				GENERATE_INFOPLIST_FILE = YES;
				LD_RUNPATH_SEARCH_PATHS = (
					"$(inherited)",
					"@executable_path/Frameworks",
					"@loader_path/Frameworks",
				);
				MARKETING_VERSION = 1.0;
				PRODUCT_BUNDLE_IDENTIFIER = yesim.dasdemir.SocialMediaUITests;
				PRODUCT_NAME = "$(TARGET_NAME)";
				SWIFT_EMIT_LOC_STRINGS = NO;
				SWIFT_VERSION = 5.0;
				TARGETED_DEVICE_FAMILY = "1,2";
				TEST_TARGET_NAME = SocialMedia;
			};
			name = Debug;
		};
		240BA5DD274AB6C400C29F89 /* Release */ = {
			isa = XCBuildConfiguration;
			buildSettings = {
				ALWAYS_EMBED_SWIFT_STANDARD_LIBRARIES = YES;
				CODE_SIGN_STYLE = Automatic;
				CURRENT_PROJECT_VERSION = 1;
				GENERATE_INFOPLIST_FILE = YES;
				LD_RUNPATH_SEARCH_PATHS = (
					"$(inherited)",
					"@executable_path/Frameworks",
					"@loader_path/Frameworks",
				);
				MARKETING_VERSION = 1.0;
				PRODUCT_BUNDLE_IDENTIFIER = yesim.dasdemir.SocialMediaUITests;
				PRODUCT_NAME = "$(TARGET_NAME)";
				SWIFT_EMIT_LOC_STRINGS = NO;
				SWIFT_VERSION = 5.0;
				TARGETED_DEVICE_FAMILY = "1,2";
				TEST_TARGET_NAME = SocialMedia;
			};
			name = Release;
		};
/* End XCBuildConfiguration section */

/* Begin XCConfigurationList section */
		240BA5A6274AB6C200C29F89 /* Build configuration list for PBXProject "SocialMedia" */ = {
			isa = XCConfigurationList;
			buildConfigurations = (
				240BA5D3274AB6C400C29F89 /* Debug */,
				240BA5D4274AB6C400C29F89 /* Release */,
			);
			defaultConfigurationIsVisible = 0;
			defaultConfigurationName = Release;
		};
		240BA5D5274AB6C400C29F89 /* Build configuration list for PBXNativeTarget "SocialMedia" */ = {
			isa = XCConfigurationList;
			buildConfigurations = (
				240BA5D6274AB6C400C29F89 /* Debug */,
				240BA5D7274AB6C400C29F89 /* Release */,
			);
			defaultConfigurationIsVisible = 0;
			defaultConfigurationName = Release;
		};
		240BA5D8274AB6C400C29F89 /* Build configuration list for PBXNativeTarget "SocialMediaTests" */ = {
			isa = XCConfigurationList;
			buildConfigurations = (
				240BA5D9274AB6C400C29F89 /* Debug */,
				240BA5DA274AB6C400C29F89 /* Release */,
			);
			defaultConfigurationIsVisible = 0;
			defaultConfigurationName = Release;
		};
		240BA5DB274AB6C400C29F89 /* Build configuration list for PBXNativeTarget "SocialMediaUITests" */ = {
			isa = XCConfigurationList;
			buildConfigurations = (
				240BA5DC274AB6C400C29F89 /* Debug */,
				240BA5DD274AB6C400C29F89 /* Release */,
			);
			defaultConfigurationIsVisible = 0;
			defaultConfigurationName = Release;
		};
/* End XCConfigurationList section */
	};
	rootObject = 240BA5A3274AB6C200C29F89 /* Project object */;
}
